
Microsoft Visual Studio Solution File, Format Version 12.00
# Visual Studio 15
VisualStudioVersion = 15.0.26711.1
MinimumVisualStudioVersion = 10.0.40219.1
Project("{9A19103F-16F7-4668-BE54-9A1E7A4F7556}") = "Common", "Common\Common.csproj", "{B3AA8B4B-E5BA-41C0-BCDF-014AA4A88109}"
EndProject
Project("{2150E333-8FDC-42A3-9474-1A3956D46DE8}") = "misc", "misc", "{924F93B4-EA77-4901-926E-FDA918A3FD2D}"
	ProjectSection(SolutionItems) = preProject
		.deployment = .deployment
		.gitignore = .gitignore
		appveyor.yml = appveyor.yml
		azure-deploy.cmd = azure-deploy.cmd
		db_schema.sql = db_schema.sql
		README.md = README.md
	EndProjectSection
EndProject
Project("{FAE04EC0-301F-11D3-BF4B-00C04F79EFBC}") = "Functions", "Functions\Functions.csproj", "{EAECD928-9A5F-43E0-9D9F-E0B0AAEB3047}"
EndProject
Global
	GlobalSection(SolutionConfigurationPlatforms) = preSolution
		Debug|Any CPU = Debug|Any CPU
		Release|Any CPU = Release|Any CPU
	EndGlobalSection
	GlobalSection(ProjectConfigurationPlatforms) = postSolution
		{B3AA8B4B-E5BA-41C0-BCDF-014AA4A88109}.Debug|Any CPU.ActiveCfg = Debug|Any CPU
		{B3AA8B4B-E5BA-41C0-BCDF-014AA4A88109}.Debug|Any CPU.Build.0 = Debug|Any CPU
		{B3AA8B4B-E5BA-41C0-BCDF-014AA4A88109}.Release|Any CPU.ActiveCfg = Release|Any CPU
		{B3AA8B4B-E5BA-41C0-BCDF-014AA4A88109}.Release|Any CPU.Build.0 = Release|Any CPU
		{EAECD928-9A5F-43E0-9D9F-E0B0AAEB3047}.Debug|Any CPU.ActiveCfg = Debug|Any CPU
		{EAECD928-9A5F-43E0-9D9F-E0B0AAEB3047}.Debug|Any CPU.Build.0 = Debug|Any CPU
		{EAECD928-9A5F-43E0-9D9F-E0B0AAEB3047}.Release|Any CPU.ActiveCfg = Release|Any CPU
		{EAECD928-9A5F-43E0-9D9F-E0B0AAEB3047}.Release|Any CPU.Build.0 = Release|Any CPU
	EndGlobalSection
	GlobalSection(SolutionProperties) = preSolution
		HideSolutionNode = FALSE
	EndGlobalSection
	GlobalSection(ExtensibilityGlobals) = postSolution
		SolutionGuid = {C23437C4-D650-4265-9380-1A5280F29889}
	EndGlobalSection
EndGlobal
